# THIS IS AN AUTOGENERATED FILE. DO NOT EDIT THIS FILE DIRECTLY.
# yarn lockfile v1


"@openzeppelin/contracts-upgradeable@5.2.0":
  version "5.2.0"
  resolved "https://registry.yarnpkg.com/@openzeppelin/contracts-upgradeable/-/contracts-upgradeable-5.2.0.tgz#caf9a6eaf4f16d7f90f9b45a6db4e7b125f4b13b"
  integrity sha512-mZIu9oa4tQTlGiOJHk6D3LdJlqFqF6oNOSn6S6UVJtzfs9UsY9/dhMEbAVTwElxUtJnjpf6yA062+oBp+eOyPg==

"@openzeppelin/contracts-upgradeable@^5.3.0":
  version "5.3.0"
  resolved "https://registry.yarnpkg.com/@openzeppelin/contracts-upgradeable/-/contracts-upgradeable-5.3.0.tgz#79dba09ab0b4bb49f21544ea738b9de016b0ceea"
  integrity sha512-yVzSSyTMWO6rapGI5tuqkcLpcGGXA0UA1vScyV5EhE5yw8By3Ewex9rDUw8lfVw0iTkvR/egjfcW5vpk03lqZg==

"@openzeppelin/contracts@5.2.0":
  version "5.2.0"
  resolved "https://registry.yarnpkg.com/@openzeppelin/contracts/-/contracts-5.2.0.tgz#bd020694218202b811b0ea3eec07277814c658da"
  integrity sha512-bxjNie5z89W1Ea0NZLZluFh8PrFNn9DH8DQlujEok2yjsOlraUPKID5p1Wk3qdNbf6XkQ1Os2RvfiHrrXLHWKA==

"@openzeppelin/contracts@^5.3.0":
  version "5.3.0"
  resolved "https://registry.yarnpkg.com/@openzeppelin/contracts/-/contracts-5.3.0.tgz#0a90ce16f5c855e3c8239691f1722cd4999ae741"
  integrity sha512-zj/KGoW7zxWUE8qOI++rUM18v+VeLTTzKs/DJFkSzHpQFPD/jKKF0TrMxBfGLl3kpdELCNccvB3zmofSzm4nlA==

"@story-protocol/protocol-core@github:storyprotocol/protocol-core-v1#main":
  version "1.3.2"
  resolved "https://codeload.github.com/storyprotocol/protocol-core-v1/tar.gz/c47f36cc8fc8c569ea388411ec00d16fbf68ec59"
  dependencies:
    "@openzeppelin/contracts" "5.2.0"
    "@openzeppelin/contracts-upgradeable" "5.2.0"
    erc6551 "^0.3.1"
    solady "^0.0.281"

"@story-protocol/protocol-core@https://github.com/storyprotocol/protocol-core-v1":
  version "1.3.2"
  resolved "https://github.com/storyprotocol/protocol-core-v1#c47f36cc8fc8c569ea388411ec00d16fbf68ec59"
  dependencies:
    "@openzeppelin/contracts" "5.2.0"
    "@openzeppelin/contracts-upgradeable" "5.2.0"
    erc6551 "^0.3.1"
    solady "^0.0.281"

"@story-protocol/protocol-periphery@https://github.com/storyprotocol/protocol-periphery-v1":
  version "1.3.2"
  resolved "https://github.com/storyprotocol/protocol-periphery-v1#f4a7ef98544e7cb2f874c636a1bcb32dbbfbf4b3"
  dependencies:
    "@openzeppelin/contracts" "5.2.0"
    "@openzeppelin/contracts-upgradeable" "5.2.0"
    "@story-protocol/protocol-core" "github:storyprotocol/protocol-core-v1#main"
    erc6551 "^0.3.1"
    solady "^0.0.281"
    wip "github:piplabs/wip#main"

erc6551@^0.3.1:
  version "0.3.1"
  resolved "https://registry.yarnpkg.com/erc6551/-/erc6551-0.3.1.tgz#f9ccc0901c210b0cc29c1c730398878319a1fd30"
  integrity sha512-4+O7CJ5gn3/s2Mum1QiJDJUbGE1P1m0t3do2nnFAKWEXLubWfZjS12HqraUJ6Y6su3WJ8EqdWm0270gC0bqpCA==

solady@^0.0.281:
  version "0.0.281"
  resolved "https://registry.yarnpkg.com/solady/-/solady-0.0.281.tgz#2538b475ef4db587c4c946cd032412e08acba4ca"
  integrity sha512-pO/r0cVb6EXwAISE/cgcn1outhvkEKHEnVCSUTlRdIWDnl013CrUtMx8PbkDYfef2TrJB178TOA0jIBDVyjGBg==

solady@^0.1.19:
  version "0.1.19"
  resolved "https://registry.yarnpkg.com/solady/-/solady-0.1.19.tgz#27699bddb45842c284d745aba49f8eb9a6cd9b3e"
  integrity sha512-G++8xhNVkRaCw7uySX1obmhYLOk7nFjeCc1XcTmA+WQ7cQXqYDca+DoDpWI/N6iWKOcQQXoLwx+5Vkx9LDSABw==

"wip@github:piplabs/wip#main":
  version "0.0.0"
  resolved "https://codeload.github.com/piplabs/wip/tar.gz/81232394c823ebe5deed2bf3b5377f6c1028b699"
